dependencies:
  espressif/libsodium:
    component_hash: f6e982479a2389cb6868e8fb761cf23aba6c355a8090b3e906299807775f58a3
    source:
      service_url: https://api.components.espressif.com/
      type: service
    version: 1.0.20~1
  idf:
    component_hash: null
    source:
      type: idf
    version: 5.0.2
manifest_hash: 40e2d091113de94a6547de82d8fad06120aba430e32e2e4ff2be46b008307e95
target: esp32
version: 1.0.0
